// !$*UTF8*$!
{
	archiveVersion = 1;
	classes = {
	};
	objectVersion = 50;
	objects = {

/* Begin PBXBuildFile section */
		98F79A6E55DF90F08D6CA4CC /* Pods_InstagramFirebase.framework in Frameworks */ = {isa = PBXBuildFile; fileRef = 195FE84FE4657809C4C83F99 /* Pods_InstagramFirebase.framework */; };
		FF2EEFD42175A5BF002D95C9 /* AppDelegate.swift in Sources */ = {isa = PBXBuildFile; fileRef = FF2EEFD32175A5BF002D95C9 /* AppDelegate.swift */; };
		FF2EEFD62175A5BF002D95C9 /* SignUpController.swift in Sources */ = {isa = PBXBuildFile; fileRef = FF2EEFD52175A5BF002D95C9 /* SignUpController.swift */; };
		FF2EEFD92175A5BF002D95C9 /* Main.storyboard in Resources */ = {isa = PBXBuildFile; fileRef = FF2EEFD72175A5BF002D95C9 /* Main.storyboard */; };
		FF2EEFDE2175A5C1002D95C9 /* LaunchScreen.storyboard in Resources */ = {isa = PBXBuildFile; fileRef = FF2EEFDC2175A5C1002D95C9 /* LaunchScreen.storyboard */; };
		FF72CB6E21799211004510FD /* PhotoSelectorCell.swift in Sources */ = {isa = PBXBuildFile; fileRef = FF72CB6D21799211004510FD /* PhotoSelectorCell.swift */; };
		FF72CB702179A67E004510FD /* PhotoSelectorHeader.swift in Sources */ = {isa = PBXBuildFile; fileRef = FF72CB6F2179A67E004510FD /* PhotoSelectorHeader.swift */; };
		FF72CB72217A9D2B004510FD /* SharePhotoController.swift in Sources */ = {isa = PBXBuildFile; fileRef = FF72CB71217A9D2B004510FD /* SharePhotoController.swift */; };
		FF72CB74217AA184004510FD /* UIView+anchors.swift in Sources */ = {isa = PBXBuildFile; fileRef = FF72CB73217AA184004510FD /* UIView+anchors.swift */; };
		FF72CB77217AB843004510FD /* Post.swift in Sources */ = {isa = PBXBuildFile; fileRef = FF72CB76217AB843004510FD /* Post.swift */; };
		FF72CB79217ABA6C004510FD /* UserProfilePhotoCell.swift in Sources */ = {isa = PBXBuildFile; fileRef = FF72CB78217ABA6C004510FD /* UserProfilePhotoCell.swift */; };
		FF72CB7B217AC172004510FD /* CustomImageView.swift in Sources */ = {isa = PBXBuildFile; fileRef = FF72CB7A217AC172004510FD /* CustomImageView.swift */; };
		FF72CB7E217AC902004510FD /* HomeController.swift in Sources */ = {isa = PBXBuildFile; fileRef = FF72CB7D217AC902004510FD /* HomeController.swift */; };
		FF72CB80217ACB6C004510FD /* HomePostCell.swift in Sources */ = {isa = PBXBuildFile; fileRef = FF72CB7F217ACB6C004510FD /* HomePostCell.swift */; };
		FF72CB82217ADAD7004510FD /* Assets.xcassets in Resources */ = {isa = PBXBuildFile; fileRef = FF72CB81217ADAD6004510FD /* Assets.xcassets */; };
		FF72CB84217AE721004510FD /* User.swift in Sources */ = {isa = PBXBuildFile; fileRef = FF72CB83217AE721004510FD /* User.swift */; };
		FF72CB86217AF1B7004510FD /* Firebase+database.swift in Sources */ = {isa = PBXBuildFile; fileRef = FF72CB85217AF1B7004510FD /* Firebase+database.swift */; };
		FF72CB89217D37B3004510FD /* UserSearchController.swift in Sources */ = {isa = PBXBuildFile; fileRef = FF72CB88217D37B3004510FD /* UserSearchController.swift */; };
		FF72CB8B217D44C6004510FD /* UserSearchCell.swift in Sources */ = {isa = PBXBuildFile; fileRef = FF72CB8A217D44C6004510FD /* UserSearchCell.swift */; };
		FF72CB8D217E5AD4004510FD /* Date+timeAgoDisplay.swift in Sources */ = {isa = PBXBuildFile; fileRef = FF72CB8C217E5AD4004510FD /* Date+timeAgoDisplay.swift */; };
		FF72CB90217E6B18004510FD /* CameraController.swift in Sources */ = {isa = PBXBuildFile; fileRef = FF72CB8F217E6B18004510FD /* CameraController.swift */; };
		FF72CB92217E7A1B004510FD /* PreviewPhotoContainerView.swift in Sources */ = {isa = PBXBuildFile; fileRef = FF72CB91217E7A1A004510FD /* PreviewPhotoContainerView.swift */; };
		FFBD90DA2176733200AD346F /* UIColor+rbg.swift in Sources */ = {isa = PBXBuildFile; fileRef = FFBD90D92176733200AD346F /* UIColor+rbg.swift */; };
		FFBD90DE2176963200AD346F /* GoogleService-Info.plist in Resources */ = {isa = PBXBuildFile; fileRef = FFBD90DD2176963200AD346F /* GoogleService-Info.plist */; };
		FFBD90E02176BCD700AD346F /* MainTabBarController.swift in Sources */ = {isa = PBXBuildFile; fileRef = FFBD90DF2176BCD700AD346F /* MainTabBarController.swift */; };
		FFBD90E22176BD8500AD346F /* UserProfileController.swift in Sources */ = {isa = PBXBuildFile; fileRef = FFBD90E12176BD8500AD346F /* UserProfileController.swift */; };
		FFBD90E52176C66F00AD346F /* UserProfileHeader.swift in Sources */ = {isa = PBXBuildFile; fileRef = FFBD90E42176C66F00AD346F /* UserProfileHeader.swift */; };
		FFBD90E82178150A00AD346F /* LoginController.swift in Sources */ = {isa = PBXBuildFile; fileRef = FFBD90E72178150A00AD346F /* LoginController.swift */; };
		FFBD90EB217976E500AD346F /* PhotoSelectorController.swift in Sources */ = {isa = PBXBuildFile; fileRef = FFBD90EA217976E500AD346F /* PhotoSelectorController.swift */; };
/* End PBXBuildFile section */

/* Begin PBXFileReference section */
		019F7536908BF09CA16A5D72 /* Pods-InstagramFirebase.release.xcconfig */ = {isa = PBXFileReference; includeInIndex = 1; lastKnownFileType = text.xcconfig; name = "Pods-InstagramFirebase.release.xcconfig"; path = "Pods/Target Support Files/Pods-InstagramFirebase/Pods-InstagramFirebase.release.xcconfig"; sourceTree = "<group>"; };
		195FE84FE4657809C4C83F99 /* Pods_InstagramFirebase.framework */ = {isa = PBXFileReference; explicitFileType = wrapper.framework; includeInIndex = 0; path = Pods_InstagramFirebase.framework; sourceTree = BUILT_PRODUCTS_DIR; };
		CE86489A5FC13D5E40C790A1 /* Pods-InstagramFirebase.debug.xcconfig */ = {isa = PBXFileReference; includeInIndex = 1; lastKnownFileType = text.xcconfig; name = "Pods-InstagramFirebase.debug.xcconfig"; path = "Pods/Target Support Files/Pods-InstagramFirebase/Pods-InstagramFirebase.debug.xcconfig"; sourceTree = "<group>"; };
		FF2EEFD02175A5BF002D95C9 /* InstagramFirebase.app */ = {isa = PBXFileReference; explicitFileType = wrapper.application; includeInIndex = 0; path = InstagramFirebase.app; sourceTree = BUILT_PRODUCTS_DIR; };
		FF2EEFD32175A5BF002D95C9 /* AppDelegate.swift */ = {isa = PBXFileReference; lastKnownFileType = sourcecode.swift; path = AppDelegate.swift; sourceTree = "<group>"; };
		FF2EEFD52175A5BF002D95C9 /* SignUpController.swift */ = {isa = PBXFileReference; lastKnownFileType = sourcecode.swift; path = SignUpController.swift; sourceTree = "<group>"; };
		FF2EEFD82175A5BF002D95C9 /* Base */ = {isa = PBXFileReference; lastKnownFileType = file.storyboard; name = Base; path = Base.lproj/Main.storyboard; sourceTree = "<group>"; };
		FF2EEFDD2175A5C1002D95C9 /* Base */ = {isa = PBXFileReference; lastKnownFileType = file.storyboard; name = Base; path = Base.lproj/LaunchScreen.storyboard; sourceTree = "<group>"; };
		FF2EEFDF2175A5C1002D95C9 /* Info.plist */ = {isa = PBXFileReference; lastKnownFileType = text.plist.xml; path = Info.plist; sourceTree = "<group>"; };
		FF72CB6D21799211004510FD /* PhotoSelectorCell.swift */ = {isa = PBXFileReference; lastKnownFileType = sourcecode.swift; path = PhotoSelectorCell.swift; sourceTree = "<group>"; };
		FF72CB6F2179A67E004510FD /* PhotoSelectorHeader.swift */ = {isa = PBXFileReference; lastKnownFileType = sourcecode.swift; path = PhotoSelectorHeader.swift; sourceTree = "<group>"; };
		FF72CB71217A9D2B004510FD /* SharePhotoController.swift */ = {isa = PBXFileReference; lastKnownFileType = sourcecode.swift; path = SharePhotoController.swift; sourceTree = "<group>"; };
		FF72CB73217AA184004510FD /* UIView+anchors.swift */ = {isa = PBXFileReference; lastKnownFileType = sourcecode.swift; path = "UIView+anchors.swift"; sourceTree = "<group>"; };
		FF72CB76217AB843004510FD /* Post.swift */ = {isa = PBXFileReference; lastKnownFileType = sourcecode.swift; path = Post.swift; sourceTree = "<group>"; };
		FF72CB78217ABA6C004510FD /* UserProfilePhotoCell.swift */ = {isa = PBXFileReference; lastKnownFileType = sourcecode.swift; path = UserProfilePhotoCell.swift; sourceTree = "<group>"; };
		FF72CB7A217AC172004510FD /* CustomImageView.swift */ = {isa = PBXFileReference; lastKnownFileType = sourcecode.swift; path = CustomImageView.swift; sourceTree = "<group>"; };
		FF72CB7D217AC902004510FD /* HomeController.swift */ = {isa = PBXFileReference; lastKnownFileType = sourcecode.swift; path = HomeController.swift; sourceTree = "<group>"; };
		FF72CB7F217ACB6C004510FD /* HomePostCell.swift */ = {isa = PBXFileReference; lastKnownFileType = sourcecode.swift; path = HomePostCell.swift; sourceTree = "<group>"; };
		FF72CB81217ADAD6004510FD /* Assets.xcassets */ = {isa = PBXFileReference; lastKnownFileType = folder.assetcatalog; path = Assets.xcassets; sourceTree = "<group>"; };
		FF72CB83217AE721004510FD /* User.swift */ = {isa = PBXFileReference; lastKnownFileType = sourcecode.swift; path = User.swift; sourceTree = "<group>"; };
		FF72CB85217AF1B7004510FD /* Firebase+database.swift */ = {isa = PBXFileReference; lastKnownFileType = sourcecode.swift; path = "Firebase+database.swift"; sourceTree = "<group>"; };
		FF72CB88217D37B3004510FD /* UserSearchController.swift */ = {isa = PBXFileReference; lastKnownFileType = sourcecode.swift; path = UserSearchController.swift; sourceTree = "<group>"; };
		FF72CB8A217D44C6004510FD /* UserSearchCell.swift */ = {isa = PBXFileReference; lastKnownFileType = sourcecode.swift; path = UserSearchCell.swift; sourceTree = "<group>"; };
		FF72CB8C217E5AD4004510FD /* Date+timeAgoDisplay.swift */ = {isa = PBXFileReference; lastKnownFileType = sourcecode.swift; path = "Date+timeAgoDisplay.swift"; sourceTree = "<group>"; };
		FF72CB8F217E6B18004510FD /* CameraController.swift */ = {isa = PBXFileReference; lastKnownFileType = sourcecode.swift; path = CameraController.swift; sourceTree = "<group>"; };
		FF72CB91217E7A1A004510FD /* PreviewPhotoContainerView.swift */ = {isa = PBXFileReference; lastKnownFileType = sourcecode.swift; path = PreviewPhotoContainerView.swift; sourceTree = "<group>"; };
		FFBD90D92176733200AD346F /* UIColor+rbg.swift */ = {isa = PBXFileReference; lastKnownFileType = sourcecode.swift; path = "UIColor+rbg.swift"; sourceTree = "<group>"; };
		FFBD90DD2176963200AD346F /* GoogleService-Info.plist */ = {isa = PBXFileReference; fileEncoding = 4; lastKnownFileType = text.plist.xml; path = "GoogleService-Info.plist"; sourceTree = "<group>"; };
		FFBD90DF2176BCD700AD346F /* MainTabBarController.swift */ = {isa = PBXFileReference; lastKnownFileType = sourcecode.swift; path = MainTabBarController.swift; sourceTree = "<group>"; };
		FFBD90E12176BD8500AD346F /* UserProfileController.swift */ = {isa = PBXFileReference; lastKnownFileType = sourcecode.swift; path = UserProfileController.swift; sourceTree = "<group>"; };
		FFBD90E42176C66F00AD346F /* UserProfileHeader.swift */ = {isa = PBXFileReference; lastKnownFileType = sourcecode.swift; path = UserProfileHeader.swift; sourceTree = "<group>"; };
		FFBD90E72178150A00AD346F /* LoginController.swift */ = {isa = PBXFileReference; lastKnownFileType = sourcecode.swift; path = LoginController.swift; sourceTree = "<group>"; };
		FFBD90EA217976E500AD346F /* PhotoSelectorController.swift */ = {isa = PBXFileReference; lastKnownFileType = sourcecode.swift; path = PhotoSelectorController.swift; sourceTree = "<group>"; };
/* End PBXFileReference section */

/* Begin PBXFrameworksBuildPhase section */
		FF2EEFCD2175A5BF002D95C9 /* Frameworks */ = {
			isa = PBXFrameworksBuildPhase;
			buildActionMask = 2147483647;
			files = (
				98F79A6E55DF90F08D6CA4CC /* Pods_InstagramFirebase.framework in Frameworks */,
			);
			runOnlyForDeploymentPostprocessing = 0;
		};
/* End PBXFrameworksBuildPhase section */

/* Begin PBXGroup section */
		4418F7A58B47B5B7AD479AAE /* Frameworks */ = {
			isa = PBXGroup;
			children = (
				195FE84FE4657809C4C83F99 /* Pods_InstagramFirebase.framework */,
			);
			name = Frameworks;
			sourceTree = "<group>";
		};
		8337FFD61F8969FFD390C3C6 /* Pods */ = {
			isa = PBXGroup;
			children = (
				CE86489A5FC13D5E40C790A1 /* Pods-InstagramFirebase.debug.xcconfig */,
				019F7536908BF09CA16A5D72 /* Pods-InstagramFirebase.release.xcconfig */,
			);
			name = Pods;
			sourceTree = "<group>";
		};
		FF2EEFC72175A5BF002D95C9 = {
			isa = PBXGroup;
			children = (
				FF2EEFD22175A5BF002D95C9 /* InstagramFirebase */,
				FF2EEFD12175A5BF002D95C9 /* Products */,
				8337FFD61F8969FFD390C3C6 /* Pods */,
				4418F7A58B47B5B7AD479AAE /* Frameworks */,
			);
			sourceTree = "<group>";
		};
		FF2EEFD12175A5BF002D95C9 /* Products */ = {
			isa = PBXGroup;
			children = (
				FF2EEFD02175A5BF002D95C9 /* InstagramFirebase.app */,
			);
			name = Products;
			sourceTree = "<group>";
		};
		FF2EEFD22175A5BF002D95C9 /* InstagramFirebase */ = {
			isa = PBXGroup;
			children = (
				FF72CB8E217E6B0F004510FD /* Camera */,
				FF72CB87217D37A6004510FD /* Search */,
				FF72CB7C217AC8F7004510FD /* Home */,
				FF72CB75217AB828004510FD /* Models */,
				FFBD90E9217976CF00AD346F /* AddPhoto */,
				FFBD90E6217814FB00AD346F /* Login */,
				FFBD90E32176C66000AD346F /* UserProfile */,
				FFBD90D6217672F800AD346F /* Extensions */,
				FF2EEFD32175A5BF002D95C9 /* AppDelegate.swift */,
				FFBD90DF2176BCD700AD346F /* MainTabBarController.swift */,
				FF2EEFD72175A5BF002D95C9 /* Main.storyboard */,
				FF2EEFDC2175A5C1002D95C9 /* LaunchScreen.storyboard */,
				FFBD90DD2176963200AD346F /* GoogleService-Info.plist */,
				FF2EEFDF2175A5C1002D95C9 /* Info.plist */,
				FF72CB81217ADAD6004510FD /* Assets.xcassets */,
			);
			path = InstagramFirebase;
			sourceTree = "<group>";
		};
		FF72CB75217AB828004510FD /* Models */ = {
			isa = PBXGroup;
			children = (
				FF72CB76217AB843004510FD /* Post.swift */,
				FF72CB83217AE721004510FD /* User.swift */,
			);
			path = Models;
			sourceTree = "<group>";
		};
		FF72CB7C217AC8F7004510FD /* Home */ = {
			isa = PBXGroup;
			children = (
				FF72CB7D217AC902004510FD /* HomeController.swift */,
				FF72CB7F217ACB6C004510FD /* HomePostCell.swift */,
			);
			path = Home;
			sourceTree = "<group>";
		};
		FF72CB87217D37A6004510FD /* Search */ = {
			isa = PBXGroup;
			children = (
				FF72CB88217D37B3004510FD /* UserSearchController.swift */,
				FF72CB8A217D44C6004510FD /* UserSearchCell.swift */,
			);
			path = Search;
			sourceTree = "<group>";
		};
		FF72CB8E217E6B0F004510FD /* Camera */ = {
			isa = PBXGroup;
			children = (
				FF72CB8F217E6B18004510FD /* CameraController.swift */,
				FF72CB91217E7A1A004510FD /* PreviewPhotoContainerView.swift */,
			);
			path = Camera;
			sourceTree = "<group>";
		};
		FFBD90D6217672F800AD346F /* Extensions */ = {
			isa = PBXGroup;
			children = (
				FFBD90D92176733200AD346F /* UIColor+rbg.swift */,
				FF72CB73217AA184004510FD /* UIView+anchors.swift */,
				FF72CB7A217AC172004510FD /* CustomImageView.swift */,
				FF72CB85217AF1B7004510FD /* Firebase+database.swift */,
				FF72CB8C217E5AD4004510FD /* Date+timeAgoDisplay.swift */,
			);
			path = Extensions;
			sourceTree = "<group>";
		};
		FFBD90E32176C66000AD346F /* UserProfile */ = {
			isa = PBXGroup;
			children = (
				FFBD90E12176BD8500AD346F /* UserProfileController.swift */,
				FFBD90E42176C66F00AD346F /* UserProfileHeader.swift */,
				FF72CB78217ABA6C004510FD /* UserProfilePhotoCell.swift */,
			);
			path = UserProfile;
			sourceTree = "<group>";
		};
		FFBD90E6217814FB00AD346F /* Login */ = {
			isa = PBXGroup;
			children = (
				FF2EEFD52175A5BF002D95C9 /* SignUpController.swift */,
				FFBD90E72178150A00AD346F /* LoginController.swift */,
			);
			path = Login;
			sourceTree = "<group>";
		};
		FFBD90E9217976CF00AD346F /* AddPhoto */ = {
			isa = PBXGroup;
			children = (
				FFBD90EA217976E500AD346F /* PhotoSelectorController.swift */,
				FF72CB6F2179A67E004510FD /* PhotoSelectorHeader.swift */,
				FF72CB6D21799211004510FD /* PhotoSelectorCell.swift */,
				FF72CB71217A9D2B004510FD /* SharePhotoController.swift */,
			);
			path = AddPhoto;
			sourceTree = "<group>";
		};
/* End PBXGroup section */

/* Begin PBXNativeTarget section */
		FF2EEFCF2175A5BF002D95C9 /* InstagramFirebase */ = {
			isa = PBXNativeTarget;
			buildConfigurationList = FF2EEFE22175A5C1002D95C9 /* Build configuration list for PBXNativeTarget "InstagramFirebase" */;
			buildPhases = (
				B9505DDA9BEF541D5CB79F43 /* [CP] Check Pods Manifest.lock */,
				FF2EEFCC2175A5BF002D95C9 /* Sources */,
				FF2EEFCD2175A5BF002D95C9 /* Frameworks */,
				FF2EEFCE2175A5BF002D95C9 /* Resources */,
				5620C7E016C0DA5B38A6E820 /* [CP] Embed Pods Frameworks */,
			);
			buildRules = (
			);
			dependencies = (
			);
			name = InstagramFirebase;
			productName = InstagramFirebase;
			productReference = FF2EEFD02175A5BF002D95C9 /* InstagramFirebase.app */;
			productType = "com.apple.product-type.application";
		};
/* End PBXNativeTarget section */

/* Begin PBXProject section */
		FF2EEFC82175A5BF002D95C9 /* Project object */ = {
			isa = PBXProject;
			attributes = {
				LastSwiftUpdateCheck = 1000;
				LastUpgradeCheck = 1000;
				ORGANIZATIONNAME = "Tien-Enterprise";
				TargetAttributes = {
					FF2EEFCF2175A5BF002D95C9 = {
						CreatedOnToolsVersion = 10.0;
					};
				};
			};
			buildConfigurationList = FF2EEFCB2175A5BF002D95C9 /* Build configuration list for PBXProject "InstagramFirebase" */;
			compatibilityVersion = "Xcode 9.3";
			developmentRegion = en;
			hasScannedForEncodings = 0;
			knownRegions = (
				en,
				Base,
			);
			mainGroup = FF2EEFC72175A5BF002D95C9;
			productRefGroup = FF2EEFD12175A5BF002D95C9 /* Products */;
			projectDirPath = "";
			projectRoot = "";
			targets = (
				FF2EEFCF2175A5BF002D95C9 /* InstagramFirebase */,
			);
		};
/* End PBXProject section */

/* Begin PBXResourcesBuildPhase section */
		FF2EEFCE2175A5BF002D95C9 /* Resources */ = {
			isa = PBXResourcesBuildPhase;
			buildActionMask = 2147483647;
			files = (
				FF2EEFDE2175A5C1002D95C9 /* LaunchScreen.storyboard in Resources */,
				FFBD90DE2176963200AD346F /* GoogleService-Info.plist in Resources */,
				FF72CB82217ADAD7004510FD /* Assets.xcassets in Resources */,
				FF2EEFD92175A5BF002D95C9 /* Main.storyboard in Resources */,
			);
			runOnlyForDeploymentPostprocessing = 0;
		};
/* End PBXResourcesBuildPhase section */

/* Begin PBXShellScriptBuildPhase section */
		5620C7E016C0DA5B38A6E820 /* [CP] Embed Pods Frameworks */ = {
			isa = PBXShellScriptBuildPhase;
			buildActionMask = 2147483647;
			files = (
			);
			inputFileListPaths = (
			);
			inputPaths = (
				"${SRCROOT}/Pods/Target Support Files/Pods-InstagramFirebase/Pods-InstagramFirebase-frameworks.sh",
				"${BUILT_PRODUCTS_DIR}/GTMSessionFetcher/GTMSessionFetcher.framework",
				"${BUILT_PRODUCTS_DIR}/GoogleUtilities/GoogleUtilities.framework",
				"${BUILT_PRODUCTS_DIR}/leveldb-library/leveldb.framework",
				"${BUILT_PRODUCTS_DIR}/nanopb/nanopb.framework",
			);
			name = "[CP] Embed Pods Frameworks";
			outputFileListPaths = (
			);
			outputPaths = (
				"${TARGET_BUILD_DIR}/${FRAMEWORKS_FOLDER_PATH}/GTMSessionFetcher.framework",
				"${TARGET_BUILD_DIR}/${FRAMEWORKS_FOLDER_PATH}/GoogleUtilities.framework",
				"${TARGET_BUILD_DIR}/${FRAMEWORKS_FOLDER_PATH}/leveldb.framework",
				"${TARGET_BUILD_DIR}/${FRAMEWORKS_FOLDER_PATH}/nanopb.framework",
			);
			runOnlyForDeploymentPostprocessing = 0;
			shellPath = /bin/sh;
			shellScript = "\"${SRCROOT}/Pods/Target Support Files/Pods-InstagramFirebase/Pods-InstagramFirebase-frameworks.sh\"\n";
			showEnvVarsInLog = 0;
		};
		B9505DDA9BEF541D5CB79F43 /* [CP] Check Pods Manifest.lock */ = {
			isa = PBXShellScriptBuildPhase;
			buildActionMask = 2147483647;
			files = (
			);
			inputFileListPaths = (
			);
			inputPaths = (
				"${PODS_PODFILE_DIR_PATH}/Podfile.lock",
				"${PODS_ROOT}/Manifest.lock",
			);
			name = "[CP] Check Pods Manifest.lock";
			outputFileListPaths = (
			);
			outputPaths = (
				"$(DERIVED_FILE_DIR)/Pods-InstagramFirebase-checkManifestLockResult.txt",
			);
			runOnlyForDeploymentPostprocessing = 0;
			shellPath = /bin/sh;
			shellScript = "diff \"${PODS_PODFILE_DIR_PATH}/Podfile.lock\" \"${PODS_ROOT}/Manifest.lock\" > /dev/null\nif [ $? != 0 ] ; then\n    # print error to STDERR\n    echo \"error: The sandbox is not in sync with the Podfile.lock. Run 'pod install' or update your CocoaPods installation.\" >&2\n    exit 1\nfi\n# This output is used by Xcode 'outputs' to avoid re-running this script phase.\necho \"SUCCESS\" > \"${SCRIPT_OUTPUT_FILE_0}\"\n";
			showEnvVarsInLog = 0;
		};
/* End PBXShellScriptBuildPhase section */

/* Begin PBXSourcesBuildPhase section */
		FF2EEFCC2175A5BF002D95C9 /* Sources */ = {
			isa = PBXSourcesBuildPhase;
			buildActionMask = 2147483647;
			files = (
				FF72CB72217A9D2B004510FD /* SharePhotoController.swift in Sources */,
				FF72CB90217E6B18004510FD /* CameraController.swift in Sources */,
				FF72CB80217ACB6C004510FD /* HomePostCell.swift in Sources */,
				FF2EEFD62175A5BF002D95C9 /* SignUpController.swift in Sources */,
				FF72CB6E21799211004510FD /* PhotoSelectorCell.swift in Sources */,
				FFBD90DA2176733200AD346F /* UIColor+rbg.swift in Sources */,
				FF72CB7B217AC172004510FD /* CustomImageView.swift in Sources */,
				FFBD90E02176BCD700AD346F /* MainTabBarController.swift in Sources */,
				FF72CB77217AB843004510FD /* Post.swift in Sources */,
				FF72CB74217AA184004510FD /* UIView+anchors.swift in Sources */,
				FFBD90E52176C66F00AD346F /* UserProfileHeader.swift in Sources */,
				FF72CB89217D37B3004510FD /* UserSearchController.swift in Sources */,
				FFBD90E22176BD8500AD346F /* UserProfileController.swift in Sources */,
				FF72CB86217AF1B7004510FD /* Firebase+database.swift in Sources */,
				FF2EEFD42175A5BF002D95C9 /* AppDelegate.swift in Sources */,
				FFBD90E82178150A00AD346F /* LoginController.swift in Sources */,
				FF72CB7E217AC902004510FD /* HomeController.swift in Sources */,
				FF72CB84217AE721004510FD /* User.swift in Sources */,
				FF72CB79217ABA6C004510FD /* UserProfilePhotoCell.swift in Sources */,
				FF72CB702179A67E004510FD /* PhotoSelectorHeader.swift in Sources */,
				FF72CB92217E7A1B004510FD /* PreviewPhotoContainerView.swift in Sources */,
				FF72CB8D217E5AD4004510FD /* Date+timeAgoDisplay.swift in Sources */,
				FF72CB8B217D44C6004510FD /* UserSearchCell.swift in Sources */,
				FFBD90EB217976E500AD346F /* PhotoSelectorController.swift in Sources */,
			);
			runOnlyForDeploymentPostprocessing = 0;
		};
/* End PBXSourcesBuildPhase section */

/* Begin PBXVariantGroup section */
		FF2EEFD72175A5BF002D95C9 /* Main.storyboard */ = {
			isa = PBXVariantGroup;
			children = (
				FF2EEFD82175A5BF002D95C9 /* Base */,
			);
			name = Main.storyboard;
			sourceTree = "<group>";
		};
		FF2EEFDC2175A5C1002D95C9 /* LaunchScreen.storyboard */ = {
			isa = PBXVariantGroup;
			children = (
				FF2EEFDD2175A5C1002D95C9 /* Base */,
			);
			name = LaunchScreen.storyboard;
			sourceTree = "<group>";
		};
/* End PBXVariantGroup section */

/* Begin XCBuildConfiguration section */
		FF2EEFE02175A5C1002D95C9 /* Debug */ = {
			isa = XCBuildConfiguration;
			buildSettings = {
				ALWAYS_SEARCH_USER_PATHS = YES;
				CLANG_ANALYZER_NONNULL = YES;
				CLANG_ANALYZER_NUMBER_OBJECT_CONVERSION = YES_AGGRESSIVE;
				CLANG_CXX_LANGUAGE_STANDARD = "gnu++14";
				CLANG_CXX_LIBRARY = "libc++";
				CLANG_ENABLE_MODULES = YES;
				CLANG_ENABLE_OBJC_ARC = YES;
				CLANG_ENABLE_OBJC_WEAK = YES;
				CLANG_WARN_BLOCK_CAPTURE_AUTORELEASING = YES;
				CLANG_WARN_BOOL_CONVERSION = YES;
				CLANG_WARN_COMMA = YES;
				CLANG_WARN_CONSTANT_CONVERSION = YES;
				CLANG_WARN_DEPRECATED_OBJC_IMPLEMENTATIONS = YES;
				CLANG_WARN_DIRECT_OBJC_ISA_USAGE = YES_ERROR;
				CLANG_WARN_DOCUMENTATION_COMMENTS = YES;
				CLANG_WARN_EMPTY_BODY = YES;
				CLANG_WARN_ENUM_CONVERSION = YES;
				CLANG_WARN_INFINITE_RECURSION = YES;
				CLANG_WARN_INT_CONVERSION = YES;
				CLANG_WARN_NON_LITERAL_NULL_CONVERSION = YES;
				CLANG_WARN_OBJC_IMPLICIT_RETAIN_SELF = YES;
				CLANG_WARN_OBJC_LITERAL_CONVERSION = YES;
				CLANG_WARN_OBJC_ROOT_CLASS = YES_ERROR;
				CLANG_WARN_RANGE_LOOP_ANALYSIS = YES;
				CLANG_WARN_STRICT_PROTOTYPES = YES;
				CLANG_WARN_SUSPICIOUS_MOVE = YES;
				CLANG_WARN_UNGUARDED_AVAILABILITY = YES_AGGRESSIVE;
				CLANG_WARN_UNREACHABLE_CODE = YES;
				CLANG_WARN__DUPLICATE_METHOD_MATCH = YES;
				CODE_SIGN_IDENTITY = "iPhone Developer";
				COPY_PHASE_STRIP = NO;
				DEBUG_INFORMATION_FORMAT = dwarf;
				ENABLE_STRICT_OBJC_MSGSEND = YES;
				ENABLE_TESTABILITY = YES;
				GCC_C_LANGUAGE_STANDARD = gnu11;
				GCC_DYNAMIC_NO_PIC = NO;
				GCC_NO_COMMON_BLOCKS = YES;
				GCC_OPTIMIZATION_LEVEL = 0;
				GCC_PREPROCESSOR_DEFINITIONS = (
					"DEBUG=1",
					"$(inherited)",
				);
				GCC_WARN_64_TO_32_BIT_CONVERSION = YES;
				GCC_WARN_ABOUT_RETURN_TYPE = YES_ERROR;
				GCC_WARN_UNDECLARED_SELECTOR = YES;
				GCC_WARN_UNINITIALIZED_AUTOS = YES_AGGRESSIVE;
				GCC_WARN_UNUSED_FUNCTION = YES;
				GCC_WARN_UNUSED_VARIABLE = YES;
				IPHONEOS_DEPLOYMENT_TARGET = 12.0;
				MTL_ENABLE_DEBUG_INFO = INCLUDE_SOURCE;
				MTL_FAST_MATH = YES;
				ONLY_ACTIVE_ARCH = YES;
				SDKROOT = iphoneos;
				SWIFT_ACTIVE_COMPILATION_CONDITIONS = DEBUG;
				SWIFT_OPTIMIZATION_LEVEL = "-Onone";
			};
			name = Debug;
		};
		FF2EEFE12175A5C1002D95C9 /* Release */ = {
			isa = XCBuildConfiguration;
			buildSettings = {
				ALWAYS_SEARCH_USER_PATHS = YES;
				CLANG_ANALYZER_NONNULL = YES;
				CLANG_ANALYZER_NUMBER_OBJECT_CONVERSION = YES_AGGRESSIVE;
				CLANG_CXX_LANGUAGE_STANDARD = "gnu++14";
				CLANG_CXX_LIBRARY = "libc++";
				CLANG_ENABLE_MODULES = YES;
				CLANG_ENABLE_OBJC_ARC = YES;
				CLANG_ENABLE_OBJC_WEAK = YES;
				CLANG_WARN_BLOCK_CAPTURE_AUTORELEASING = YES;
				CLANG_WARN_BOOL_CONVERSION = YES;
				CLANG_WARN_COMMA = YES;
				CLANG_WARN_CONSTANT_CONVERSION = YES;
				CLANG_WARN_DEPRECATED_OBJC_IMPLEMENTATIONS = YES;
				CLANG_WARN_DIRECT_OBJC_ISA_USAGE = YES_ERROR;
				CLANG_WARN_DOCUMENTATION_COMMENTS = YES;
				CLANG_WARN_EMPTY_BODY = YES;
				CLANG_WARN_ENUM_CONVERSION = YES;
				CLANG_WARN_INFINITE_RECURSION = YES;
				CLANG_WARN_INT_CONVERSION = YES;
				CLANG_WARN_NON_LITERAL_NULL_CONVERSION = YES;
				CLANG_WARN_OBJC_IMPLICIT_RETAIN_SELF = YES;
				CLANG_WARN_OBJC_LITERAL_CONVERSION = YES;
				CLANG_WARN_OBJC_ROOT_CLASS = YES_ERROR;
				CLANG_WARN_RANGE_LOOP_ANALYSIS = YES;
				CLANG_WARN_STRICT_PROTOTYPES = YES;
				CLANG_WARN_SUSPICIOUS_MOVE = YES;
				CLANG_WARN_UNGUARDED_AVAILABILITY = YES_AGGRESSIVE;
				CLANG_WARN_UNREACHABLE_CODE = YES;
				CLANG_WARN__DUPLICATE_METHOD_MATCH = YES;
				CODE_SIGN_IDENTITY = "iPhone Developer";
				COPY_PHASE_STRIP = NO;
				DEBUG_INFORMATION_FORMAT = "dwarf-with-dsym";
				ENABLE_NS_ASSERTIONS = NO;
				ENABLE_STRICT_OBJC_MSGSEND = YES;
				GCC_C_LANGUAGE_STANDARD = gnu11;
				GCC_NO_COMMON_BLOCKS = YES;
				GCC_WARN_64_TO_32_BIT_CONVERSION = YES;
				GCC_WARN_ABOUT_RETURN_TYPE = YES_ERROR;
				GCC_WARN_UNDECLARED_SELECTOR = YES;
				GCC_WARN_UNINITIALIZED_AUTOS = YES_AGGRESSIVE;
				GCC_WARN_UNUSED_FUNCTION = YES;
				GCC_WARN_UNUSED_VARIABLE = YES;
				IPHONEOS_DEPLOYMENT_TARGET = 12.0;
				MTL_ENABLE_DEBUG_INFO = NO;
				MTL_FAST_MATH = YES;
				SDKROOT = iphoneos;
				SWIFT_COMPILATION_MODE = wholemodule;
				SWIFT_OPTIMIZATION_LEVEL = "-O";
				VALIDATE_PRODUCT = YES;
			};
			name = Release;
		};
		FF2EEFE32175A5C1002D95C9 /* Debug */ = {
			isa = XCBuildConfiguration;
			baseConfigurationReference = CE86489A5FC13D5E40C790A1 /* Pods-InstagramFirebase.debug.xcconfig */;
			buildSettings = {
				ASSETCATALOG_COMPILER_APPICON_NAME = AppIcon;
				CODE_SIGN_STYLE = Automatic;
				INFOPLIST_FILE = InstagramFirebase/Info.plist;
				LD_RUNPATH_SEARCH_PATHS = (
					"$(inherited)",
					"@executable_path/Frameworks",
				);
				PRODUCT_BUNDLE_IDENTIFIER = com.example.InstagramFirebase;
				PRODUCT_NAME = "$(TARGET_NAME)";
				SWIFT_VERSION = 4.2;
				TARGETED_DEVICE_FAMILY = "1,2";
			};
			name = Debug;
		};
		FF2EEFE42175A5C1002D95C9 /* Release */ = {
			isa = XCBuildConfiguration;
			baseConfigurationReference = 019F7536908BF09CA16A5D72 /* Pods-InstagramFirebase.release.xcconfig */;
			buildSettings = {
				ASSETCATALOG_COMPILER_APPICON_NAME = AppIcon;
				CODE_SIGN_STYLE = Automatic;
				INFOPLIST_FILE = InstagramFirebase/Info.plist;
				LD_RUNPATH_SEARCH_PATHS = (
					"$(inherited)",
					"@executable_path/Frameworks",
				);
				PRODUCT_BUNDLE_IDENTIFIER = com.example.InstagramFirebase;
				PRODUCT_NAME = "$(TARGET_NAME)";
				SWIFT_VERSION = 4.2;
				TARGETED_DEVICE_FAMILY = "1,2";
			};
			name = Release;
		};
/* End XCBuildConfiguration section */

/* Begin XCConfigurationList section */
		FF2EEFCB2175A5BF002D95C9 /* Build configuration list for PBXProject "InstagramFirebase" */ = {
			isa = XCConfigurationList;
			buildConfigurations = (
				FF2EEFE02175A5C1002D95C9 /* Debug */,
				FF2EEFE12175A5C1002D95C9 /* Release */,
			);
			defaultConfigurationIsVisible = 0;
			defaultConfigurationName = Release;
		};
		FF2EEFE22175A5C1002D95C9 /* Build configuration list for PBXNativeTarget "InstagramFirebase" */ = {
			isa = XCConfigurationList;
			buildConfigurations = (
				FF2EEFE32175A5C1002D95C9 /* Debug */,
				FF2EEFE42175A5C1002D95C9 /* Release */,
			);
			defaultConfigurationIsVisible = 0;
			defaultConfigurationName = Release;
		};
/* End XCConfigurationList section */
	};
	rootObject = FF2EEFC82175A5BF002D95C9 /* Project object */;
}
